
Microsoft Visual Studio Solution File, Format Version 12.00
# Visual Studio Version 17
VisualStudioVersion = 17.7.34031.279
MinimumVisualStudioVersion = 10.0.40219.1
Project("{FAE04EC0-301F-11D3-BF4B-00C04F79EFBC}") = "Calculator", "Calculator\Calculator.csproj", "{1DC0DF3A-CF6D-4C06-8D41-1C973756A04F}"
EndProject
Global
	GlobalSection(SolutionConfigurationPlatforms) = preSolution
		Debug|Any CPU = Debug|Any CPU
		Release|Any CPU = Release|Any CPU
	EndGlobalSection
	GlobalSection(ProjectConfigurationPlatforms) = postSolution
		{1DC0DF3A-CF6D-4C06-8D41-1C973756A04F}.Debug|Any CPU.ActiveCfg = Debug|Any CPU
		{1DC0DF3A-CF6D-4C06-8D41-1C973756A04F}.Debug|Any CPU.Build.0 = Debug|Any CPU
		{1DC0DF3A-CF6D-4C06-8D41-1C973756A04F}.Release|Any CPU.ActiveCfg = Release|Any CPU
		{1DC0DF3A-CF6D-4C06-8D41-1C973756A04F}.Release|Any CPU.Build.0 = Release|Any CPU
	EndGlobalSection
	GlobalSection(SolutionProperties) = preSolution
		HideSolutionNode = FALSE
	EndGlobalSection
	GlobalSection(ExtensibilityGlobals) = postSolution
		SolutionGuid = {CC51C9AF-4D79-4FFF-9DC2-2A32A2205E9C}
	EndGlobalSection
EndGlobal
